
Microsoft Visual Studio Solution File, Format Version 12.00
# Visual Studio 2015
Project("{FAE04EC0-301F-11D3-BF4B-00C04F79EFBC}") = "UnityNinjaPrototype.CSharp", "UnityNinjaPrototype.CSharp.csproj", "{39A2D100-6F8B-E83B-80D4-66569D6FF5C9}"
EndProject
Project("{FAE04EC0-301F-11D3-BF4B-00C04F79EFBC}") = "UnityNinjaPrototype.CSharp.Editor", "UnityNinjaPrototype.CSharp.Editor.csproj", "{758FB7EC-91EB-A15C-A54E-8E1B33D6A2B6}"
EndProject
Global
	GlobalSection(SolutionConfigurationPlatforms) = preSolution
		Debug|Any CPU = Debug|Any CPU
		Release|Any CPU = Release|Any CPU
	EndGlobalSection
	GlobalSection(ProjectConfigurationPlatforms) = postSolution
		{39A2D100-6F8B-E83B-80D4-66569D6FF5C9}.Debug|Any CPU.ActiveCfg = Debug|Any CPU
		{39A2D100-6F8B-E83B-80D4-66569D6FF5C9}.Debug|Any CPU.Build.0 = Debug|Any CPU
		{39A2D100-6F8B-E83B-80D4-66569D6FF5C9}.Release|Any CPU.ActiveCfg = Release|Any CPU
		{39A2D100-6F8B-E83B-80D4-66569D6FF5C9}.Release|Any CPU.Build.0 = Release|Any CPU
		{758FB7EC-91EB-A15C-A54E-8E1B33D6A2B6}.Debug|Any CPU.ActiveCfg = Debug|Any CPU
		{758FB7EC-91EB-A15C-A54E-8E1B33D6A2B6}.Debug|Any CPU.Build.0 = Debug|Any CPU
		{758FB7EC-91EB-A15C-A54E-8E1B33D6A2B6}.Release|Any CPU.ActiveCfg = Release|Any CPU
		{758FB7EC-91EB-A15C-A54E-8E1B33D6A2B6}.Release|Any CPU.Build.0 = Release|Any CPU
	EndGlobalSection
	GlobalSection(SolutionProperties) = preSolution
		HideSolutionNode = FALSE
	EndGlobalSection
EndGlobal
